
Microsoft Visual Studio Solution File, Format Version 12.00
# Visual Studio Version 17
VisualStudioVersion = 17.1.32407.343
MinimumVisualStudioVersion = 10.0.40219.1
Project("{9A19103F-16F7-4668-BE54-9A1E7A4F7556}") = "Day04.04.2022", "Day04.04.2022\Day04.04.2022.csproj", "{398AEA2E-BB61-4A2E-9259-FDFC5E4A0BFF}"
EndProject
Project("{9A19103F-16F7-4668-BE54-9A1E7A4F7556}") = "Day05.04.2022", "Day05.04.2022\Day05.04.2022.csproj", "{02F167AB-F513-49C0-A512-CE0BA4135D75}"
EndProject
Project("{9A19103F-16F7-4668-BE54-9A1E7A4F7556}") = "Common", "Common\Common.csproj", "{4424D9D9-182D-449C-B2E9-0F70B541E824}"
EndProject
Project("{9A19103F-16F7-4668-BE54-9A1E7A4F7556}") = "Day06.04.2022", "Day06.04.2022\Day06.04.2022.csproj", "{44303BEC-A144-44B5-A4FA-2DF6ADEFF1B5}"
EndProject
Project("{9A19103F-16F7-4668-BE54-9A1E7A4F7556}") = "Day07.04.2022", "Day07.04.2022\Day07.04.2022.csproj", "{7C13BADF-7992-4055-83CF-4DD15C43C557}"
EndProject
Project("{9A19103F-16F7-4668-BE54-9A1E7A4F7556}") = "Day08.04.2022", "Day08.04.2022\Day08.04.2022.csproj", "{4DBC1045-BEFF-425F-AE70-D84ADECB7C95}"
EndProject
Project("{9A19103F-16F7-4668-BE54-9A1E7A4F7556}") = "Day09.04.2022", "Day09.04.2022\Day09.04.2022.csproj", "{02905DED-1CF1-49D3-AE83-CAEEDB5F09DF}"
EndProject
Project("{9A19103F-16F7-4668-BE54-9A1E7A4F7556}") = "Day11.04.2022", "Day11.04.2022\Day11.04.2022.csproj", "{C3CF5650-E747-4A0D-B94E-C142341FEFDA}"
EndProject
Project("{FAE04EC0-301F-11D3-BF4B-00C04F79EFBC}") = "Day12.04.2022", "Day12.04.2022\Day12.04.2022.csproj", "{22057E75-1678-4251-8898-3CF4B4199C7E}"
EndProject
Project("{9A19103F-16F7-4668-BE54-9A1E7A4F7556}") = "Day13.04.2022", "Day13.04.2022\Day13.04.2022.csproj", "{DCE06E5F-C25F-4B72-A8FA-A785246E058F}"
EndProject
Project("{9A19103F-16F7-4668-BE54-9A1E7A4F7556}") = "Day14.04.2022", "Day14.04.2022\Day14.04.2022.csproj", "{CA83204F-57BC-45A1-A538-8B15BD659A28}"
EndProject
Project("{9A19103F-16F7-4668-BE54-9A1E7A4F7556}") = "Day15.04.2022", "Day15.04.2022\Day15.04.2022.csproj", "{F7B8D58A-8FF8-4BDA-8850-C97F6D55A299}"
EndProject
Project("{FAE04EC0-301F-11D3-BF4B-00C04F79EFBC}") = "Day16.04.2022", "Day16.04.2022\Day16.04.2022.csproj", "{8607A36F-49AA-413C-9AB4-862B2A5C6BE2}"
EndProject
Global
	GlobalSection(SolutionConfigurationPlatforms) = preSolution
		Debug|Any CPU = Debug|Any CPU
		Release|Any CPU = Release|Any CPU
	EndGlobalSection
	GlobalSection(ProjectConfigurationPlatforms) = postSolution
		{398AEA2E-BB61-4A2E-9259-FDFC5E4A0BFF}.Debug|Any CPU.ActiveCfg = Debug|Any CPU
		{398AEA2E-BB61-4A2E-9259-FDFC5E4A0BFF}.Debug|Any CPU.Build.0 = Debug|Any CPU
		{398AEA2E-BB61-4A2E-9259-FDFC5E4A0BFF}.Release|Any CPU.ActiveCfg = Release|Any CPU
		{398AEA2E-BB61-4A2E-9259-FDFC5E4A0BFF}.Release|Any CPU.Build.0 = Release|Any CPU
		{02F167AB-F513-49C0-A512-CE0BA4135D75}.Debug|Any CPU.ActiveCfg = Debug|Any CPU
		{02F167AB-F513-49C0-A512-CE0BA4135D75}.Debug|Any CPU.Build.0 = Debug|Any CPU
		{02F167AB-F513-49C0-A512-CE0BA4135D75}.Release|Any CPU.ActiveCfg = Release|Any CPU
		{02F167AB-F513-49C0-A512-CE0BA4135D75}.Release|Any CPU.Build.0 = Release|Any CPU
		{4424D9D9-182D-449C-B2E9-0F70B541E824}.Debug|Any CPU.ActiveCfg = Debug|Any CPU
		{4424D9D9-182D-449C-B2E9-0F70B541E824}.Debug|Any CPU.Build.0 = Debug|Any CPU
		{4424D9D9-182D-449C-B2E9-0F70B541E824}.Release|Any CPU.ActiveCfg = Release|Any CPU
		{4424D9D9-182D-449C-B2E9-0F70B541E824}.Release|Any CPU.Build.0 = Release|Any CPU
		{44303BEC-A144-44B5-A4FA-2DF6ADEFF1B5}.Debug|Any CPU.ActiveCfg = Debug|Any CPU
		{44303BEC-A144-44B5-A4FA-2DF6ADEFF1B5}.Debug|Any CPU.Build.0 = Debug|Any CPU
		{44303BEC-A144-44B5-A4FA-2DF6ADEFF1B5}.Release|Any CPU.ActiveCfg = Release|Any CPU
		{44303BEC-A144-44B5-A4FA-2DF6ADEFF1B5}.Release|Any CPU.Build.0 = Release|Any CPU
		{7C13BADF-7992-4055-83CF-4DD15C43C557}.Debug|Any CPU.ActiveCfg = Debug|Any CPU
		{7C13BADF-7992-4055-83CF-4DD15C43C557}.Debug|Any CPU.Build.0 = Debug|Any CPU
		{7C13BADF-7992-4055-83CF-4DD15C43C557}.Release|Any CPU.ActiveCfg = Release|Any CPU
		{7C13BADF-7992-4055-83CF-4DD15C43C557}.Release|Any CPU.Build.0 = Release|Any CPU
		{4DBC1045-BEFF-425F-AE70-D84ADECB7C95}.Debug|Any CPU.ActiveCfg = Debug|Any CPU
		{4DBC1045-BEFF-425F-AE70-D84ADECB7C95}.Debug|Any CPU.Build.0 = Debug|Any CPU
		{4DBC1045-BEFF-425F-AE70-D84ADECB7C95}.Release|Any CPU.ActiveCfg = Release|Any CPU
		{4DBC1045-BEFF-425F-AE70-D84ADECB7C95}.Release|Any CPU.Build.0 = Release|Any CPU
		{02905DED-1CF1-49D3-AE83-CAEEDB5F09DF}.Debug|Any CPU.ActiveCfg = Debug|Any CPU
		{02905DED-1CF1-49D3-AE83-CAEEDB5F09DF}.Debug|Any CPU.Build.0 = Debug|Any CPU
		{02905DED-1CF1-49D3-AE83-CAEEDB5F09DF}.Release|Any CPU.ActiveCfg = Release|Any CPU
		{02905DED-1CF1-49D3-AE83-CAEEDB5F09DF}.Release|Any CPU.Build.0 = Release|Any CPU
		{C3CF5650-E747-4A0D-B94E-C142341FEFDA}.Debug|Any CPU.ActiveCfg = Debug|Any CPU
		{C3CF5650-E747-4A0D-B94E-C142341FEFDA}.Debug|Any CPU.Build.0 = Debug|Any CPU
		{C3CF5650-E747-4A0D-B94E-C142341FEFDA}.Release|Any CPU.ActiveCfg = Release|Any CPU
		{C3CF5650-E747-4A0D-B94E-C142341FEFDA}.Release|Any CPU.Build.0 = Release|Any CPU
		{22057E75-1678-4251-8898-3CF4B4199C7E}.Debug|Any CPU.ActiveCfg = Debug|Any CPU
		{22057E75-1678-4251-8898-3CF4B4199C7E}.Debug|Any CPU.Build.0 = Debug|Any CPU
		{22057E75-1678-4251-8898-3CF4B4199C7E}.Release|Any CPU.ActiveCfg = Release|Any CPU
		{22057E75-1678-4251-8898-3CF4B4199C7E}.Release|Any CPU.Build.0 = Release|Any CPU
		{DCE06E5F-C25F-4B72-A8FA-A785246E058F}.Debug|Any CPU.ActiveCfg = Debug|Any CPU
		{DCE06E5F-C25F-4B72-A8FA-A785246E058F}.Debug|Any CPU.Build.0 = Debug|Any CPU
		{DCE06E5F-C25F-4B72-A8FA-A785246E058F}.Release|Any CPU.ActiveCfg = Release|Any CPU
		{DCE06E5F-C25F-4B72-A8FA-A785246E058F}.Release|Any CPU.Build.0 = Release|Any CPU
		{CA83204F-57BC-45A1-A538-8B15BD659A28}.Debug|Any CPU.ActiveCfg = Debug|Any CPU
		{CA83204F-57BC-45A1-A538-8B15BD659A28}.Debug|Any CPU.Build.0 = Debug|Any CPU
		{CA83204F-57BC-45A1-A538-8B15BD659A28}.Release|Any CPU.ActiveCfg = Release|Any CPU
		{CA83204F-57BC-45A1-A538-8B15BD659A28}.Release|Any CPU.Build.0 = Release|Any CPU
		{F7B8D58A-8FF8-4BDA-8850-C97F6D55A299}.Debug|Any CPU.ActiveCfg = Debug|Any CPU
		{F7B8D58A-8FF8-4BDA-8850-C97F6D55A299}.Debug|Any CPU.Build.0 = Debug|Any CPU
		{F7B8D58A-8FF8-4BDA-8850-C97F6D55A299}.Release|Any CPU.ActiveCfg = Release|Any CPU
		{F7B8D58A-8FF8-4BDA-8850-C97F6D55A299}.Release|Any CPU.Build.0 = Release|Any CPU
		{8607A36F-49AA-413C-9AB4-862B2A5C6BE2}.Debug|Any CPU.ActiveCfg = Debug|Any CPU
		{8607A36F-49AA-413C-9AB4-862B2A5C6BE2}.Debug|Any CPU.Build.0 = Debug|Any CPU
		{8607A36F-49AA-413C-9AB4-862B2A5C6BE2}.Release|Any CPU.ActiveCfg = Release|Any CPU
		{8607A36F-49AA-413C-9AB4-862B2A5C6BE2}.Release|Any CPU.Build.0 = Release|Any CPU
	EndGlobalSection
	GlobalSection(SolutionProperties) = preSolution
		HideSolutionNode = FALSE
	EndGlobalSection
	GlobalSection(ExtensibilityGlobals) = postSolution
		SolutionGuid = {73970022-E77A-4ABD-BA8F-320D2956FF74}
	EndGlobalSection
EndGlobal
